
Microsoft Visual Studio Solution File, Format Version 12.00
# Visual Studio Version 16
VisualStudioVersion = 16.0.30503.244
MinimumVisualStudioVersion = 10.0.40219.1
Project("{9A19103F-16F7-4668-BE54-9A1E7A4F7556}") = "Gacha.Win", "Gacha.Win\Gacha.Win.csproj", "{CE0B356A-6FD5-4B18-B39D-39A77A3BACC8}"
EndProject
Project("{9A19103F-16F7-4668-BE54-9A1E7A4F7556}") = "Gacha.Item", "Gacha.Item\Gacha.Item.csproj", "{377B3252-1D43-4B40-A391-49050982A212}"
EndProject
Global
	GlobalSection(SolutionConfigurationPlatforms) = preSolution
		Debug|Any CPU = Debug|Any CPU
		Release|Any CPU = Release|Any CPU
	EndGlobalSection
	GlobalSection(ProjectConfigurationPlatforms) = postSolution
		{CE0B356A-6FD5-4B18-B39D-39A77A3BACC8}.Debug|Any CPU.ActiveCfg = Debug|Any CPU
		{CE0B356A-6FD5-4B18-B39D-39A77A3BACC8}.Debug|Any CPU.Build.0 = Debug|Any CPU
		{CE0B356A-6FD5-4B18-B39D-39A77A3BACC8}.Release|Any CPU.ActiveCfg = Release|Any CPU
		{CE0B356A-6FD5-4B18-B39D-39A77A3BACC8}.Release|Any CPU.Build.0 = Release|Any CPU
		{377B3252-1D43-4B40-A391-49050982A212}.Debug|Any CPU.ActiveCfg = Debug|Any CPU
		{377B3252-1D43-4B40-A391-49050982A212}.Debug|Any CPU.Build.0 = Debug|Any CPU
		{377B3252-1D43-4B40-A391-49050982A212}.Release|Any CPU.ActiveCfg = Release|Any CPU
		{377B3252-1D43-4B40-A391-49050982A212}.Release|Any CPU.Build.0 = Release|Any CPU
	EndGlobalSection
	GlobalSection(SolutionProperties) = preSolution
		HideSolutionNode = FALSE
	EndGlobalSection
	GlobalSection(ExtensibilityGlobals) = postSolution
		SolutionGuid = {44A500A2-B3CA-4AA2-82CA-DBEC4A1DD8D3}
	EndGlobalSection
EndGlobal
